<?xml version="1.0" encoding="utf-8"?>
<Project ToolsVersion="4.0" xmlns="http://schemas.microsoft.com/developer/msbuild/2003">
  <ItemGroup>
    <Filter Include="Source Files">
      <UniqueIdentifier>{4FC737F1-C7A5-4376-A066-2A32D752A2FF}</UniqueIdentifier>
      <Extensions>cpp;c;cc;cxx;def;odl;idl;hpj;bat;asm;asmx</Extensions>
    </Filter>
    <Filter Include="Header Files">
      <UniqueIdentifier>{93995380-89BD-4b04-88EB-625FBE52EBFB}</UniqueIdentifier>
      <Extensions>h;hh;hpp;hxx;hm;inl;inc;ipp;xsd</Extensions>
    </Filter>
    <Filter Include="Source Files\Resource Files">
      <UniqueIdentifier>{67DA6AB6-F800-4c08-8B7A-83BB121AAD01}</UniqueIdentifier>
      <Extensions>rc;ico;cur;bmp;dlg;rc2;rct;bin;rgs;gif;jpg;jpeg;jpe;resx;tiff;tif;png;wav;mfcribbon-ms</Extensions>
    </Filter>
    <Filter Include="Other Files">
      <UniqueIdentifier>{03b01fe8-b78d-476c-adaa-34d86b4e449a}</UniqueIdentifier>
    </Filter>
  </ItemGroup>
  <ItemGroup>
    <ClCompile Include="Main.cpp">
      <Filter>Source Files</Filter>
    </ClCompile>
    <ClCompile Include="Student.cpp">
      <Filter>Source Files</Filter>
    </ClCompile>
    <ClCompile Include="Class.cpp">
      <Filter>Source Files</Filter>
    </ClCompile>
    <ClCompile Include="Read_Write_File.cpp">
      <Filter>Source Files</Filter>
    </ClCompile>
    <ClCompile Include="Account.cpp">
      <Filter>Source Files</Filter>
    </ClCompile>
    <ClCompile Include="ListAccount.cpp">
      <Filter>Source Files</Filter>
    </ClCompile>
    <ClCompile Include="Course.cpp">
      <Filter>Source Files</Filter>
    </ClCompile>
    <ClCompile Include="ListCourse.cpp">
      <Filter>Source Files</Filter>
    </ClCompile>
    <ClCompile Include="CheckAttend_Point.cpp">
      <Filter>Source Files</Filter>
    </ClCompile>
    <ClCompile Include="List_CheckAttend_Point.cpp">
      <Filter>Source Files</Filter>
    </ClCompile>
    <ClCompile Include="Lecture.cpp">
      <Filter>Source Files</Filter>
    </ClCompile>
    <ClCompile Include="OnlyStudent.cpp">
      <Filter>Source Files</Filter>
    </ClCompile>
  </ItemGroup>
  <ItemGroup>
    <ClInclude Include="Student.h">
      <Filter>Header Files</Filter>
    </ClInclude>
    <ClInclude Include="Class.h">
      <Filter>Header Files</Filter>
    </ClInclude>
    <ClInclude Include="Read_Write_File.h">
      <Filter>Header Files</Filter>
    </ClInclude>
    <ClInclude Include="Account.h">
      <Filter>Header Files</Filter>
    </ClInclude>
    <ClInclude Include="ListAccount.h">
      <Filter>Header Files</Filter>
    </ClInclude>
    <ClInclude Include="Course.h">
      <Filter>Header Files</Filter>
    </ClInclude>
    <ClInclude Include="ListCourse.h">
      <Filter>Header Files</Filter>
    </ClInclude>
    <ClInclude Include="CheckAttend_Point.h">
      <Filter>Header Files</Filter>
    </ClInclude>
    <ClInclude Include="List_CheckAttend_Point.h">
      <Filter>Header Files</Filter>
    </ClInclude>
    <ClInclude Include="Lecture.h">
      <Filter>Header Files</Filter>
    </ClInclude>
    <ClInclude Include="OnlyStudent.h">
      <Filter>Header Files</Filter>
    </ClInclude>
  </ItemGroup>
  <ItemGroup>
    <Text Include="Filecsv\18CLC3.txt">
      <Filter>Source Files\Resource Files</Filter>
    </Text>
    <Text Include="Filecourse\HK1\Course18CLC1-HK1.txt">
      <Filter>Other Files</Filter>
    </Text>
    <Text Include="Filecourse\HK2\Course18CLC1-HK2.txt">
      <Filter>Other Files</Filter>
    </Text>
    <Text Include="Filecourse\HK3\Course18CLC1-HK3.txt">
      <Filter>Other Files</Filter>
    </Text>
    <Text Include="File list of course\HK1\CTT001-18CLC1.txt">
      <Filter>Other Files</Filter>
    </Text>
  </ItemGroup>
  <ItemGroup>
    <None Include="Filecourse-2018-2019\HK1\Course18CLC1-HK1.csv">
      <Filter>Source Files\Resource Files</Filter>
    </None>
  </ItemGroup>
</Project>